
Microsoft Visual Studio Solution File, Format Version 12.00
# Visual Studio 15
VisualStudioVersion = 15.0.28010.2046
MinimumVisualStudioVersion = 10.0.40219.1
Project("{FAE04EC0-301F-11D3-BF4B-00C04F79EFBC}") = "SamuraiApp.Domain", "SamuraiApp.Domain\SamuraiApp.Domain.csproj", "{1B209F8D-A65A-4005-B47E-64CA6E12360A}"
EndProject
Project("{FAE04EC0-301F-11D3-BF4B-00C04F79EFBC}") = "SamuraiApp.Data", "SamuraiApp.Data\SamuraiApp.Data.csproj", "{04FE97F7-5219-4C2F-9A88-3309D95D49CA}"
EndProject
Project("{FAE04EC0-301F-11D3-BF4B-00C04F79EFBC}") = "WebApp", "WebApp\WebApp.csproj", "{06A53286-8323-45BC-A286-FDB2BA297663}"
EndProject
Global
	GlobalSection(SolutionConfigurationPlatforms) = preSolution
		Debug|Any CPU = Debug|Any CPU
		Release|Any CPU = Release|Any CPU
	EndGlobalSection
	GlobalSection(ProjectConfigurationPlatforms) = postSolution
		{1B209F8D-A65A-4005-B47E-64CA6E12360A}.Debug|Any CPU.ActiveCfg = Debug|Any CPU
		{1B209F8D-A65A-4005-B47E-64CA6E12360A}.Debug|Any CPU.Build.0 = Debug|Any CPU
		{1B209F8D-A65A-4005-B47E-64CA6E12360A}.Release|Any CPU.ActiveCfg = Release|Any CPU
		{1B209F8D-A65A-4005-B47E-64CA6E12360A}.Release|Any CPU.Build.0 = Release|Any CPU
		{04FE97F7-5219-4C2F-9A88-3309D95D49CA}.Debug|Any CPU.ActiveCfg = Debug|Any CPU
		{04FE97F7-5219-4C2F-9A88-3309D95D49CA}.Debug|Any CPU.Build.0 = Debug|Any CPU
		{04FE97F7-5219-4C2F-9A88-3309D95D49CA}.Release|Any CPU.ActiveCfg = Release|Any CPU
		{04FE97F7-5219-4C2F-9A88-3309D95D49CA}.Release|Any CPU.Build.0 = Release|Any CPU
		{06A53286-8323-45BC-A286-FDB2BA297663}.Debug|Any CPU.ActiveCfg = Debug|Any CPU
		{06A53286-8323-45BC-A286-FDB2BA297663}.Debug|Any CPU.Build.0 = Debug|Any CPU
		{06A53286-8323-45BC-A286-FDB2BA297663}.Release|Any CPU.ActiveCfg = Release|Any CPU
		{06A53286-8323-45BC-A286-FDB2BA297663}.Release|Any CPU.Build.0 = Release|Any CPU
	EndGlobalSection
	GlobalSection(SolutionProperties) = preSolution
		HideSolutionNode = FALSE
	EndGlobalSection
	GlobalSection(ExtensibilityGlobals) = postSolution
		SolutionGuid = {7D1E7ECB-B61B-47D8-912F-AF67C5AD93C9}
	EndGlobalSection
EndGlobal
